# This file is generated by gyllir, and records the exact dependency versions the package was
# last resolved with. It is meant to be committed, and not to be edited by hand.
lock-version = 1

[[package]]
name = "std"
url = "git:https://github.com/GNU-Ymir/yruntime.git"
version = "1.3.2"
sha = "bfbfe0f19bb68cc43c583978417aa106a0604298"
