# This file is generated by gyllir, and records the exact dependency versions the package was
# last resolved with. It is meant to be committed, and not to be edited by hand.
lock-version = 1

[[package]]
name = "std"
url = "git:https://github.com/GNU-Ymir/yruntime.git"
version = "1.16.1"
sha = "08ff60922b75a13d5a2847791d540f81a515bb39"
